
Microsoft Visual Studio Solution File, Format Version 12.00
# Visual Studio 15
VisualStudioVersion = 15.0.33026.149
MinimumVisualStudioVersion = 10.0.40219.1
Project("{9A19103F-16F7-4668-BE54-9A1E7A4F7556}") = "WebAPI", "WebAPI\WebAPI.csproj", "{F33AE73F-418A-4194-8E52-E320862512FB}"
EndProject
Project("{9A19103F-16F7-4668-BE54-9A1E7A4F7556}") = "AplicacaoCliente", "AplicacaoCliente\AplicacaoCliente.csproj", "{74DA909A-DAA9-4FBA-AD8A-C64EACC2E6E8}"
EndProject
Global
	GlobalSection(SolutionConfigurationPlatforms) = preSolution
		Debug|Any CPU = Debug|Any CPU
		Release|Any CPU = Release|Any CPU
	EndGlobalSection
	GlobalSection(ProjectConfigurationPlatforms) = postSolution
		{F33AE73F-418A-4194-8E52-E320862512FB}.Debug|Any CPU.ActiveCfg = Debug|Any CPU
		{F33AE73F-418A-4194-8E52-E320862512FB}.Debug|Any CPU.Build.0 = Debug|Any CPU
		{F33AE73F-418A-4194-8E52-E320862512FB}.Release|Any CPU.ActiveCfg = Release|Any CPU
		{F33AE73F-418A-4194-8E52-E320862512FB}.Release|Any CPU.Build.0 = Release|Any CPU
		{74DA909A-DAA9-4FBA-AD8A-C64EACC2E6E8}.Debug|Any CPU.ActiveCfg = Debug|Any CPU
		{74DA909A-DAA9-4FBA-AD8A-C64EACC2E6E8}.Debug|Any CPU.Build.0 = Debug|Any CPU
		{74DA909A-DAA9-4FBA-AD8A-C64EACC2E6E8}.Release|Any CPU.ActiveCfg = Release|Any CPU
		{74DA909A-DAA9-4FBA-AD8A-C64EACC2E6E8}.Release|Any CPU.Build.0 = Release|Any CPU
	EndGlobalSection
	GlobalSection(SolutionProperties) = preSolution
		HideSolutionNode = FALSE
	EndGlobalSection
	GlobalSection(ExtensibilityGlobals) = postSolution
		SolutionGuid = {128DD762-CDD9-4C3D-BA94-55CADF5A8BA9}
	EndGlobalSection
EndGlobal
